
Microsoft Visual Studio Solution File, Format Version 12.00
# Visual Studio Version 17
VisualStudioVersion = 17.14.36414.22 d17.14
MinimumVisualStudioVersion = 10.0.40219.1
Project("{FAE04EC0-301F-11D3-BF4B-00C04F79EFBC}") = "DIPSandbox", "DIPSandbox.csproj", "{F877EDAA-F981-431F-BB0B-808E0B4708F1}"
EndProject
Global
	GlobalSection(SolutionConfigurationPlatforms) = preSolution
		Debug|Any CPU = Debug|Any CPU
		Release|Any CPU = Release|Any CPU
	EndGlobalSection
	GlobalSection(ProjectConfigurationPlatforms) = postSolution
		{F877EDAA-F981-431F-BB0B-808E0B4708F1}.Debug|Any CPU.ActiveCfg = Debug|Any CPU
		{F877EDAA-F981-431F-BB0B-808E0B4708F1}.Debug|Any CPU.Build.0 = Debug|Any CPU
		{F877EDAA-F981-431F-BB0B-808E0B4708F1}.Release|Any CPU.ActiveCfg = Release|Any CPU
		{F877EDAA-F981-431F-BB0B-808E0B4708F1}.Release|Any CPU.Build.0 = Release|Any CPU
	EndGlobalSection
	GlobalSection(SolutionProperties) = preSolution
		HideSolutionNode = FALSE
	EndGlobalSection
	GlobalSection(ExtensibilityGlobals) = postSolution
		SolutionGuid = {EABFA2FF-D4CB-4228-BF18-A50F4DB8F70C}
	EndGlobalSection
EndGlobal
